// !$*UTF8*$!
{
	archiveVersion = 1;
	classes = {
	};
	objectVersion = 46;
	objects = {

/* Begin PBXBuildFile section */
		2B5C59011D42641200273743 /* Location.swift in Sources */ = {isa = PBXBuildFile; fileRef = 2B5C59001D42641200273743 /* Location.swift */; };
		2B5C59051D4264BA00273743 /* Main.storyboard in Resources */ = {isa = PBXBuildFile; fileRef = 2B5C59041D4264BA00273743 /* Main.storyboard */; };
		2B95E50B1D46946D00A3CE03 /* AppDelegate.swift in Sources */ = {isa = PBXBuildFile; fileRef = 2B95E50A1D46946D00A3CE03 /* AppDelegate.swift */; };
		2B95E50F1D4694C100A3CE03 /* LaunchScreen.storyboard in Resources */ = {isa = PBXBuildFile; fileRef = 2B95E50E1D4694C100A3CE03 /* LaunchScreen.storyboard */; };
		2B95E5111D46AE7F00A3CE03 /* Assets.xcassets in Resources */ = {isa = PBXBuildFile; fileRef = 2B95E5101D46AE7F00A3CE03 /* Assets.xcassets */; };
		7B75F5BF1D47A5520078F998 /* LocationsTableViewController.swift in Sources */ = {isa = PBXBuildFile; fileRef = 7B75F5BE1D47A5520078F998 /* LocationsTableViewController.swift */; };
		7B75F5C11D47A57C0078F998 /* AddLocationViewController.swift in Sources */ = {isa = PBXBuildFile; fileRef = 7B75F5C01D47A57C0078F998 /* AddLocationViewController.swift */; };
/* End PBXBuildFile section */

/* Begin PBXFileReference section */
		2B5C58DD1D42629200273743 /* SwiftLocationTriviaDelegates.app */ = {isa = PBXFileReference; explicitFileType = wrapper.application; includeInIndex = 0; path = SwiftLocationTriviaDelegates.app; sourceTree = BUILT_PRODUCTS_DIR; };
		2B5C59001D42641200273743 /* Location.swift */ = {isa = PBXFileReference; fileEncoding = 4; lastKnownFileType = sourcecode.swift; name = Location.swift; path = ../Location.swift; sourceTree = "<group>"; };
		2B5C59041D4264BA00273743 /* Main.storyboard */ = {isa = PBXFileReference; fileEncoding = 4; lastKnownFileType = file.storyboard; name = Main.storyboard; path = ../Main.storyboard; sourceTree = "<group>"; };
		2B95E50A1D46946D00A3CE03 /* AppDelegate.swift */ = {isa = PBXFileReference; fileEncoding = 4; lastKnownFileType = sourcecode.swift; name = AppDelegate.swift; path = ../AppDelegate.swift; sourceTree = "<group>"; };
		2B95E50E1D4694C100A3CE03 /* LaunchScreen.storyboard */ = {isa = PBXFileReference; fileEncoding = 4; lastKnownFileType = file.storyboard; name = LaunchScreen.storyboard; path = ../LaunchScreen.storyboard; sourceTree = "<group>"; };
		2B95E5101D46AE7F00A3CE03 /* Assets.xcassets */ = {isa = PBXFileReference; lastKnownFileType = folder.assetcatalog; path = Assets.xcassets; sourceTree = SOURCE_ROOT; };
		7B75F5BE1D47A5520078F998 /* LocationsTableViewController.swift */ = {isa = PBXFileReference; fileEncoding = 4; lastKnownFileType = sourcecode.swift; path = LocationsTableViewController.swift; sourceTree = "<group>"; };
		7B75F5C01D47A57C0078F998 /* AddLocationViewController.swift */ = {isa = PBXFileReference; fileEncoding = 4; lastKnownFileType = sourcecode.swift; path = AddLocationViewController.swift; sourceTree = "<group>"; };
/* End PBXFileReference section */

/* Begin PBXFrameworksBuildPhase section */
		2B5C58DA1D42629200273743 /* Frameworks */ = {
			isa = PBXFrameworksBuildPhase;
			buildActionMask = 2147483647;
			files = (
			);
			runOnlyForDeploymentPostprocessing = 0;
		};
/* End PBXFrameworksBuildPhase section */

/* Begin PBXGroup section */
		2B5C58D41D42629200273743 = {
			isa = PBXGroup;
			children = (
				2B5C58DF1D42629200273743 /* SwiftLocationTriviaDelegates */,
				2B5C58DE1D42629200273743 /* Products */,
			);
			sourceTree = "<group>";
		};
		2B5C58DE1D42629200273743 /* Products */ = {
			isa = PBXGroup;
			children = (
				2B5C58DD1D42629200273743 /* SwiftLocationTriviaDelegates.app */,
			);
			name = Products;
			sourceTree = "<group>";
		};
		2B5C58DF1D42629200273743 /* SwiftLocationTriviaDelegates */ = {
			isa = PBXGroup;
			children = (
				2B95E5101D46AE7F00A3CE03 /* Assets.xcassets */,
				2B5C59041D4264BA00273743 /* Main.storyboard */,
				7B75F5C01D47A57C0078F998 /* AddLocationViewController.swift */,
				7B75F5BE1D47A5520078F998 /* LocationsTableViewController.swift */,
				2B5C59001D42641200273743 /* Location.swift */,
				2B95E50A1D46946D00A3CE03 /* AppDelegate.swift */,
				2B95E50E1D4694C100A3CE03 /* LaunchScreen.storyboard */,
			);
			path = SwiftLocationTriviaDelegates;
			sourceTree = "<group>";
		};
/* End PBXGroup section */

/* Begin PBXNativeTarget section */
		2B5C58DC1D42629200273743 /* SwiftLocationTriviaDelegates */ = {
			isa = PBXNativeTarget;
			buildConfigurationList = 2B5C58EF1D42629200273743 /* Build configuration list for PBXNativeTarget "SwiftLocationTriviaDelegates" */;
			buildPhases = (
				2B5C58D91D42629200273743 /* Sources */,
				2B5C58DA1D42629200273743 /* Frameworks */,
				2B5C58DB1D42629200273743 /* Resources */,
			);
			buildRules = (
			);
			dependencies = (
			);
			name = SwiftLocationTriviaDelegates;
			productName = SwiftLocationTriviaDelegates;
			productReference = 2B5C58DD1D42629200273743 /* SwiftLocationTriviaDelegates.app */;
			productType = "com.apple.product-type.application";
		};
/* End PBXNativeTarget section */

/* Begin PBXProject section */
		2B5C58D51D42629200273743 /* Project object */ = {
			isa = PBXProject;
			attributes = {
				LastSwiftUpdateCheck = 0730;
				LastUpgradeCheck = 0730;
				ORGANIZATIONNAME = "Flatiron School";
				TargetAttributes = {
					2B5C58DC1D42629200273743 = {
						CreatedOnToolsVersion = 7.3;
					};
				};
			};
			buildConfigurationList = 2B5C58D81D42629200273743 /* Build configuration list for PBXProject "SwiftLocationTriviaDelegates" */;
			compatibilityVersion = "Xcode 3.2";
			developmentRegion = English;
			hasScannedForEncodings = 0;
			knownRegions = (
				en,
				Base,
			);
			mainGroup = 2B5C58D41D42629200273743;
			productRefGroup = 2B5C58DE1D42629200273743 /* Products */;
			projectDirPath = "";
			projectRoot = "";
			targets = (
				2B5C58DC1D42629200273743 /* SwiftLocationTriviaDelegates */,
			);
		};
/* End PBXProject section */

/* Begin PBXResourcesBuildPhase section */
		2B5C58DB1D42629200273743 /* Resources */ = {
			isa = PBXResourcesBuildPhase;
			buildActionMask = 2147483647;
			files = (
				2B95E50F1D4694C100A3CE03 /* LaunchScreen.storyboard in Resources */,
				2B95E5111D46AE7F00A3CE03 /* Assets.xcassets in Resources */,
				2B5C59051D4264BA00273743 /* Main.storyboard in Resources */,
			);
			runOnlyForDeploymentPostprocessing = 0;
		};
/* End PBXResourcesBuildPhase section */

/* Begin PBXSourcesBuildPhase section */
		2B5C58D91D42629200273743 /* Sources */ = {
			isa = PBXSourcesBuildPhase;
			buildActionMask = 2147483647;
			files = (
				2B95E50B1D46946D00A3CE03 /* AppDelegate.swift in Sources */,
				2B5C59011D42641200273743 /* Location.swift in Sources */,
				7B75F5BF1D47A5520078F998 /* LocationsTableViewController.swift in Sources */,
				7B75F5C11D47A57C0078F998 /* AddLocationViewController.swift in Sources */,
			);
			runOnlyForDeploymentPostprocessing = 0;
		};
/* End PBXSourcesBuildPhase section */

/* Begin XCBuildConfiguration section */
		2B5C58ED1D42629200273743 /* Debug */ = {
			isa = XCBuildConfiguration;
			buildSettings = {
				ALWAYS_SEARCH_USER_PATHS = NO;
				CLANG_ANALYZER_NONNULL = YES;
				CLANG_CXX_LANGUAGE_STANDARD = "gnu++0x";
				CLANG_CXX_LIBRARY = "libc++";
				CLANG_ENABLE_MODULES = YES;
				CLANG_ENABLE_OBJC_ARC = YES;
				CLANG_WARN_BOOL_CONVERSION = YES;
				CLANG_WARN_CONSTANT_CONVERSION = YES;
				CLANG_WARN_DIRECT_OBJC_ISA_USAGE = YES_ERROR;
				CLANG_WARN_EMPTY_BODY = YES;
				CLANG_WARN_ENUM_CONVERSION = YES;
				CLANG_WARN_INT_CONVERSION = YES;
				CLANG_WARN_OBJC_ROOT_CLASS = YES_ERROR;
				CLANG_WARN_UNREACHABLE_CODE = YES;
				CLANG_WARN__DUPLICATE_METHOD_MATCH = YES;
				"CODE_SIGN_IDENTITY[sdk=iphoneos*]" = "iPhone Developer";
				COPY_PHASE_STRIP = NO;
				DEBUG_INFORMATION_FORMAT = dwarf;
				ENABLE_STRICT_OBJC_MSGSEND = YES;
				ENABLE_TESTABILITY = YES;
				GCC_C_LANGUAGE_STANDARD = gnu99;
				GCC_DYNAMIC_NO_PIC = NO;
				GCC_NO_COMMON_BLOCKS = YES;
				GCC_OPTIMIZATION_LEVEL = 0;
				GCC_PREPROCESSOR_DEFINITIONS = (
					"DEBUG=1",
					"$(inherited)",
				);
				GCC_WARN_64_TO_32_BIT_CONVERSION = YES;
				GCC_WARN_ABOUT_RETURN_TYPE = YES_ERROR;
				GCC_WARN_UNDECLARED_SELECTOR = YES;
				GCC_WARN_UNINITIALIZED_AUTOS = YES_AGGRESSIVE;
				GCC_WARN_UNUSED_FUNCTION = YES;
				GCC_WARN_UNUSED_VARIABLE = YES;
				IPHONEOS_DEPLOYMENT_TARGET = 9.3;
				MTL_ENABLE_DEBUG_INFO = YES;
				ONLY_ACTIVE_ARCH = YES;
				SDKROOT = iphoneos;
				SWIFT_OPTIMIZATION_LEVEL = "-Onone";
				TARGETED_DEVICE_FAMILY = "1,2";
			};
			name = Debug;
		};
		2B5C58EE1D42629200273743 /* Release */ = {
			isa = XCBuildConfiguration;
			buildSettings = {
				ALWAYS_SEARCH_USER_PATHS = NO;
				CLANG_ANALYZER_NONNULL = YES;
				CLANG_CXX_LANGUAGE_STANDARD = "gnu++0x";
				CLANG_CXX_LIBRARY = "libc++";
				CLANG_ENABLE_MODULES = YES;
				CLANG_ENABLE_OBJC_ARC = YES;
				CLANG_WARN_BOOL_CONVERSION = YES;
				CLANG_WARN_CONSTANT_CONVERSION = YES;
				CLANG_WARN_DIRECT_OBJC_ISA_USAGE = YES_ERROR;
				CLANG_WARN_EMPTY_BODY = YES;
				CLANG_WARN_ENUM_CONVERSION = YES;
				CLANG_WARN_INT_CONVERSION = YES;
				CLANG_WARN_OBJC_ROOT_CLASS = YES_ERROR;
				CLANG_WARN_UNREACHABLE_CODE = YES;
				CLANG_WARN__DUPLICATE_METHOD_MATCH = YES;
				"CODE_SIGN_IDENTITY[sdk=iphoneos*]" = "iPhone Developer";
				COPY_PHASE_STRIP = NO;
				DEBUG_INFORMATION_FORMAT = "dwarf-with-dsym";
				ENABLE_NS_ASSERTIONS = NO;
				ENABLE_STRICT_OBJC_MSGSEND = YES;
				GCC_C_LANGUAGE_STANDARD = gnu99;
				GCC_NO_COMMON_BLOCKS = YES;
				GCC_WARN_64_TO_32_BIT_CONVERSION = YES;
				GCC_WARN_ABOUT_RETURN_TYPE = YES_ERROR;
				GCC_WARN_UNDECLARED_SELECTOR = YES;
				GCC_WARN_UNINITIALIZED_AUTOS = YES_AGGRESSIVE;
				GCC_WARN_UNUSED_FUNCTION = YES;
				GCC_WARN_UNUSED_VARIABLE = YES;
				IPHONEOS_DEPLOYMENT_TARGET = 9.3;
				MTL_ENABLE_DEBUG_INFO = NO;
				SDKROOT = iphoneos;
				TARGETED_DEVICE_FAMILY = "1,2";
				VALIDATE_PRODUCT = YES;
			};
			name = Release;
		};
		2B5C58F01D42629200273743 /* Debug */ = {
			isa = XCBuildConfiguration;
			buildSettings = {
				ASSETCATALOG_COMPILER_APPICON_NAME = AppIcon;
				INFOPLIST_FILE = SwiftLocationTriviaDelegates/Info.plist;
				LD_RUNPATH_SEARCH_PATHS = "$(inherited) @executable_path/Frameworks";
				PRODUCT_BUNDLE_IDENTIFIER = com.flatironschool.SwiftLocationTriviaDelegates;
				PRODUCT_NAME = "$(TARGET_NAME)";
			};
			name = Debug;
		};
		2B5C58F11D42629200273743 /* Release */ = {
			isa = XCBuildConfiguration;
			buildSettings = {
				ASSETCATALOG_COMPILER_APPICON_NAME = AppIcon;
				INFOPLIST_FILE = SwiftLocationTriviaDelegates/Info.plist;
				LD_RUNPATH_SEARCH_PATHS = "$(inherited) @executable_path/Frameworks";
				PRODUCT_BUNDLE_IDENTIFIER = com.flatironschool.SwiftLocationTriviaDelegates;
				PRODUCT_NAME = "$(TARGET_NAME)";
			};
			name = Release;
		};
/* End XCBuildConfiguration section */

/* Begin XCConfigurationList section */
		2B5C58D81D42629200273743 /* Build configuration list for PBXProject "SwiftLocationTriviaDelegates" */ = {
			isa = XCConfigurationList;
			buildConfigurations = (
				2B5C58ED1D42629200273743 /* Debug */,
				2B5C58EE1D42629200273743 /* Release */,
			);
			defaultConfigurationIsVisible = 0;
			defaultConfigurationName = Release;
		};
		2B5C58EF1D42629200273743 /* Build configuration list for PBXNativeTarget "SwiftLocationTriviaDelegates" */ = {
			isa = XCConfigurationList;
			buildConfigurations = (
				2B5C58F01D42629200273743 /* Debug */,
				2B5C58F11D42629200273743 /* Release */,
			);
			defaultConfigurationIsVisible = 0;
			defaultConfigurationName = Release;
		};
/* End XCConfigurationList section */
	};
	rootObject = 2B5C58D51D42629200273743 /* Project object */;
}
