// !$*UTF8*$!
{
	archiveVersion = 1;
	classes = {
	};
	objectVersion = 46;
	objects = {

/* Begin PBXBuildFile section */
		2B5A68BA1D36B63B00145CF2 /* AppDelegate.swift in Sources */ = {isa = PBXBuildFile; fileRef = 2B5A68B91D36B63B00145CF2 /* AppDelegate.swift */; };
		2B5A68BF1D36B63B00145CF2 /* Main.storyboard in Resources */ = {isa = PBXBuildFile; fileRef = 2B5A68BD1D36B63B00145CF2 /* Main.storyboard */; };
		2B5A68C11D36B63B00145CF2 /* Assets.xcassets in Resources */ = {isa = PBXBuildFile; fileRef = 2B5A68C01D36B63B00145CF2 /* Assets.xcassets */; };
		2B5A68C41D36B63B00145CF2 /* LaunchScreen.storyboard in Resources */ = {isa = PBXBuildFile; fileRef = 2B5A68C21D36B63B00145CF2 /* LaunchScreen.storyboard */; };
		2B5A68CF1D36B63B00145CF2 /* SwiftLocationTriviaDelegatesTests.swift in Sources */ = {isa = PBXBuildFile; fileRef = 2B5A68CE1D36B63B00145CF2 /* SwiftLocationTriviaDelegatesTests.swift */; };
		2B5A68DA1D36B63B00145CF2 /* SwiftLocationTriviaDelegatesUITests.swift in Sources */ = {isa = PBXBuildFile; fileRef = 2B5A68D91D36B63B00145CF2 /* SwiftLocationTriviaDelegatesUITests.swift */; };
		2B81D8E61D3D2B7B00BB3EDD /* Location.swift in Sources */ = {isa = PBXBuildFile; fileRef = 2B81D8E51D3D2B7B00BB3EDD /* Location.swift */; };
		2B89B02D1D37E6F4000F463B /* LocationsTableViewController.swift in Sources */ = {isa = PBXBuildFile; fileRef = 2B89B02C1D37E6F4000F463B /* LocationsTableViewController.swift */; };
		2B89B02F1D37E70F000F463B /* AddLocationViewController.swift in Sources */ = {isa = PBXBuildFile; fileRef = 2B89B02E1D37E70F000F463B /* AddLocationViewController.swift */; };
/* End PBXBuildFile section */

/* Begin PBXContainerItemProxy section */
		2B5A68CB1D36B63B00145CF2 /* PBXContainerItemProxy */ = {
			isa = PBXContainerItemProxy;
			containerPortal = 2B5A68AE1D36B63B00145CF2 /* Project object */;
			proxyType = 1;
			remoteGlobalIDString = 2B5A68B51D36B63B00145CF2;
			remoteInfo = SwiftLocationTriviaDelegates;
		};
		2B5A68D61D36B63B00145CF2 /* PBXContainerItemProxy */ = {
			isa = PBXContainerItemProxy;
			containerPortal = 2B5A68AE1D36B63B00145CF2 /* Project object */;
			proxyType = 1;
			remoteGlobalIDString = 2B5A68B51D36B63B00145CF2;
			remoteInfo = SwiftLocationTriviaDelegates;
		};
/* End PBXContainerItemProxy section */

/* Begin PBXFileReference section */
		2B5A68B61D36B63B00145CF2 /* SwiftLocationTriviaDelegates.app */ = {isa = PBXFileReference; explicitFileType = wrapper.application; includeInIndex = 0; path = SwiftLocationTriviaDelegates.app; sourceTree = BUILT_PRODUCTS_DIR; };
		2B5A68B91D36B63B00145CF2 /* AppDelegate.swift */ = {isa = PBXFileReference; lastKnownFileType = sourcecode.swift; path = AppDelegate.swift; sourceTree = "<group>"; };
		2B5A68BE1D36B63B00145CF2 /* Base */ = {isa = PBXFileReference; lastKnownFileType = file.storyboard; name = Base; path = Base.lproj/Main.storyboard; sourceTree = "<group>"; };
		2B5A68C01D36B63B00145CF2 /* Assets.xcassets */ = {isa = PBXFileReference; lastKnownFileType = folder.assetcatalog; path = Assets.xcassets; sourceTree = "<group>"; };
		2B5A68C31D36B63B00145CF2 /* Base */ = {isa = PBXFileReference; lastKnownFileType = file.storyboard; name = Base; path = Base.lproj/LaunchScreen.storyboard; sourceTree = "<group>"; };
		2B5A68C51D36B63B00145CF2 /* Info.plist */ = {isa = PBXFileReference; lastKnownFileType = text.plist.xml; path = Info.plist; sourceTree = "<group>"; };
		2B5A68CA1D36B63B00145CF2 /* SwiftLocationTriviaDelegatesTests.xctest */ = {isa = PBXFileReference; explicitFileType = wrapper.cfbundle; includeInIndex = 0; path = SwiftLocationTriviaDelegatesTests.xctest; sourceTree = BUILT_PRODUCTS_DIR; };
		2B5A68CE1D36B63B00145CF2 /* SwiftLocationTriviaDelegatesTests.swift */ = {isa = PBXFileReference; lastKnownFileType = sourcecode.swift; path = SwiftLocationTriviaDelegatesTests.swift; sourceTree = "<group>"; };
		2B5A68D01D36B63B00145CF2 /* Info.plist */ = {isa = PBXFileReference; lastKnownFileType = text.plist.xml; path = Info.plist; sourceTree = "<group>"; };
		2B5A68D51D36B63B00145CF2 /* SwiftLocationTriviaDelegatesUITests.xctest */ = {isa = PBXFileReference; explicitFileType = wrapper.cfbundle; includeInIndex = 0; path = SwiftLocationTriviaDelegatesUITests.xctest; sourceTree = BUILT_PRODUCTS_DIR; };
		2B5A68D91D36B63B00145CF2 /* SwiftLocationTriviaDelegatesUITests.swift */ = {isa = PBXFileReference; lastKnownFileType = sourcecode.swift; path = SwiftLocationTriviaDelegatesUITests.swift; sourceTree = "<group>"; };
		2B5A68DB1D36B63B00145CF2 /* Info.plist */ = {isa = PBXFileReference; lastKnownFileType = text.plist.xml; path = Info.plist; sourceTree = "<group>"; };
		2B81D8E51D3D2B7B00BB3EDD /* Location.swift */ = {isa = PBXFileReference; fileEncoding = 4; lastKnownFileType = sourcecode.swift; path = Location.swift; sourceTree = "<group>"; };
		2B89B02C1D37E6F4000F463B /* LocationsTableViewController.swift */ = {isa = PBXFileReference; fileEncoding = 4; lastKnownFileType = sourcecode.swift; path = LocationsTableViewController.swift; sourceTree = "<group>"; };
		2B89B02E1D37E70F000F463B /* AddLocationViewController.swift */ = {isa = PBXFileReference; fileEncoding = 4; lastKnownFileType = sourcecode.swift; path = AddLocationViewController.swift; sourceTree = "<group>"; };
/* End PBXFileReference section */

/* Begin PBXFrameworksBuildPhase section */
		2B5A68B31D36B63B00145CF2 /* Frameworks */ = {
			isa = PBXFrameworksBuildPhase;
			buildActionMask = 2147483647;
			files = (
			);
			runOnlyForDeploymentPostprocessing = 0;
		};
		2B5A68C71D36B63B00145CF2 /* Frameworks */ = {
			isa = PBXFrameworksBuildPhase;
			buildActionMask = 2147483647;
			files = (
			);
			runOnlyForDeploymentPostprocessing = 0;
		};
		2B5A68D21D36B63B00145CF2 /* Frameworks */ = {
			isa = PBXFrameworksBuildPhase;
			buildActionMask = 2147483647;
			files = (
			);
			runOnlyForDeploymentPostprocessing = 0;
		};
/* End PBXFrameworksBuildPhase section */

/* Begin PBXGroup section */
		2B5A68AD1D36B63B00145CF2 = {
			isa = PBXGroup;
			children = (
				2B5A68B81D36B63B00145CF2 /* SwiftLocationTriviaDelegates */,
				2B5A68CD1D36B63B00145CF2 /* SwiftLocationTriviaDelegatesTests */,
				2B5A68D81D36B63B00145CF2 /* SwiftLocationTriviaDelegatesUITests */,
				2B5A68B71D36B63B00145CF2 /* Products */,
			);
			sourceTree = "<group>";
		};
		2B5A68B71D36B63B00145CF2 /* Products */ = {
			isa = PBXGroup;
			children = (
				2B5A68B61D36B63B00145CF2 /* SwiftLocationTriviaDelegates.app */,
				2B5A68CA1D36B63B00145CF2 /* SwiftLocationTriviaDelegatesTests.xctest */,
				2B5A68D51D36B63B00145CF2 /* SwiftLocationTriviaDelegatesUITests.xctest */,
			);
			name = Products;
			sourceTree = "<group>";
		};
		2B5A68B81D36B63B00145CF2 /* SwiftLocationTriviaDelegates */ = {
			isa = PBXGroup;
			children = (
				2B81D8E51D3D2B7B00BB3EDD /* Location.swift */,
				2B5A68B91D36B63B00145CF2 /* AppDelegate.swift */,
				2B5A68BD1D36B63B00145CF2 /* Main.storyboard */,
				2B5A68C01D36B63B00145CF2 /* Assets.xcassets */,
				2B5A68C21D36B63B00145CF2 /* LaunchScreen.storyboard */,
				2B5A68C51D36B63B00145CF2 /* Info.plist */,
				2B89B02C1D37E6F4000F463B /* LocationsTableViewController.swift */,
				2B89B02E1D37E70F000F463B /* AddLocationViewController.swift */,
			);
			path = SwiftLocationTriviaDelegates;
			sourceTree = "<group>";
		};
		2B5A68CD1D36B63B00145CF2 /* SwiftLocationTriviaDelegatesTests */ = {
			isa = PBXGroup;
			children = (
				2B5A68CE1D36B63B00145CF2 /* SwiftLocationTriviaDelegatesTests.swift */,
				2B5A68D01D36B63B00145CF2 /* Info.plist */,
			);
			path = SwiftLocationTriviaDelegatesTests;
			sourceTree = "<group>";
		};
		2B5A68D81D36B63B00145CF2 /* SwiftLocationTriviaDelegatesUITests */ = {
			isa = PBXGroup;
			children = (
				2B5A68D91D36B63B00145CF2 /* SwiftLocationTriviaDelegatesUITests.swift */,
				2B5A68DB1D36B63B00145CF2 /* Info.plist */,
			);
			path = SwiftLocationTriviaDelegatesUITests;
			sourceTree = "<group>";
		};
/* End PBXGroup section */

/* Begin PBXNativeTarget section */
		2B5A68B51D36B63B00145CF2 /* SwiftLocationTriviaDelegates */ = {
			isa = PBXNativeTarget;
			buildConfigurationList = 2B5A68DE1D36B63B00145CF2 /* Build configuration list for PBXNativeTarget "SwiftLocationTriviaDelegates" */;
			buildPhases = (
				2B5A68B21D36B63B00145CF2 /* Sources */,
				2B5A68B31D36B63B00145CF2 /* Frameworks */,
				2B5A68B41D36B63B00145CF2 /* Resources */,
			);
			buildRules = (
			);
			dependencies = (
			);
			name = SwiftLocationTriviaDelegates;
			productName = SwiftLocationTriviaDelegates;
			productReference = 2B5A68B61D36B63B00145CF2 /* SwiftLocationTriviaDelegates.app */;
			productType = "com.apple.product-type.application";
		};
		2B5A68C91D36B63B00145CF2 /* SwiftLocationTriviaDelegatesTests */ = {
			isa = PBXNativeTarget;
			buildConfigurationList = 2B5A68E11D36B63B00145CF2 /* Build configuration list for PBXNativeTarget "SwiftLocationTriviaDelegatesTests" */;
			buildPhases = (
				09B3F95BDD911669C370BDCC /* [CP] Check Pods Manifest.lock */,
				2B5A68C61D36B63B00145CF2 /* Sources */,
				2B5A68C71D36B63B00145CF2 /* Frameworks */,
				2B5A68C81D36B63B00145CF2 /* Resources */,
				492BA08CFA6DC328A854C384 /* [CP] Embed Pods Frameworks */,
				3DB25C4EAF20B447C2FB45F8 /* [CP] Copy Pods Resources */,
			);
			buildRules = (
			);
			dependencies = (
				2B5A68CC1D36B63B00145CF2 /* PBXTargetDependency */,
			);
			name = SwiftLocationTriviaDelegatesTests;
			productName = SwiftLocationTriviaDelegatesTests;
			productReference = 2B5A68CA1D36B63B00145CF2 /* SwiftLocationTriviaDelegatesTests.xctest */;
			productType = "com.apple.product-type.bundle.unit-test";
		};
		2B5A68D41D36B63B00145CF2 /* SwiftLocationTriviaDelegatesUITests */ = {
			isa = PBXNativeTarget;
			buildConfigurationList = 2B5A68E41D36B63B00145CF2 /* Build configuration list for PBXNativeTarget "SwiftLocationTriviaDelegatesUITests" */;
			buildPhases = (
				07604E6EC0DA683457821F07 /* [CP] Check Pods Manifest.lock */,
				2B5A68D11D36B63B00145CF2 /* Sources */,
				2B5A68D21D36B63B00145CF2 /* Frameworks */,
				2B5A68D31D36B63B00145CF2 /* Resources */,
				14389E09A3CE20B822245D9C /* [CP] Copy Pods Resources */,
			);
			buildRules = (
			);
			dependencies = (
				2B5A68D71D36B63B00145CF2 /* PBXTargetDependency */,
			);
			name = SwiftLocationTriviaDelegatesUITests;
			productName = SwiftLocationTriviaDelegatesUITests;
			productReference = 2B5A68D51D36B63B00145CF2 /* SwiftLocationTriviaDelegatesUITests.xctest */;
			productType = "com.apple.product-type.bundle.ui-testing";
		};
/* End PBXNativeTarget section */

/* Begin PBXProject section */
		2B5A68AE1D36B63B00145CF2 /* Project object */ = {
			isa = PBXProject;
			attributes = {
				LastSwiftUpdateCheck = 0730;
				LastUpgradeCheck = 0730;
				ORGANIZATIONNAME = "Flatiron School";
				TargetAttributes = {
					2B5A68B51D36B63B00145CF2 = {
						CreatedOnToolsVersion = 7.3;
					};
					2B5A68C91D36B63B00145CF2 = {
						CreatedOnToolsVersion = 7.3;
						TestTargetID = 2B5A68B51D36B63B00145CF2;
					};
					2B5A68D41D36B63B00145CF2 = {
						CreatedOnToolsVersion = 7.3;
						TestTargetID = 2B5A68B51D36B63B00145CF2;
					};
				};
			};
			buildConfigurationList = 2B5A68B11D36B63B00145CF2 /* Build configuration list for PBXProject "SwiftLocationTriviaDelegates" */;
			compatibilityVersion = "Xcode 3.2";
			developmentRegion = English;
			hasScannedForEncodings = 0;
			knownRegions = (
				en,
				Base,
			);
			mainGroup = 2B5A68AD1D36B63B00145CF2;
			productRefGroup = 2B5A68B71D36B63B00145CF2 /* Products */;
			projectDirPath = "";
			projectRoot = "";
			targets = (
				2B5A68B51D36B63B00145CF2 /* SwiftLocationTriviaDelegates */,
				2B5A68C91D36B63B00145CF2 /* SwiftLocationTriviaDelegatesTests */,
				2B5A68D41D36B63B00145CF2 /* SwiftLocationTriviaDelegatesUITests */,
			);
		};
/* End PBXProject section */

/* Begin PBXResourcesBuildPhase section */
		2B5A68B41D36B63B00145CF2 /* Resources */ = {
			isa = PBXResourcesBuildPhase;
			buildActionMask = 2147483647;
			files = (
				2B5A68C41D36B63B00145CF2 /* LaunchScreen.storyboard in Resources */,
				2B5A68C11D36B63B00145CF2 /* Assets.xcassets in Resources */,
				2B5A68BF1D36B63B00145CF2 /* Main.storyboard in Resources */,
			);
			runOnlyForDeploymentPostprocessing = 0;
		};
		2B5A68C81D36B63B00145CF2 /* Resources */ = {
			isa = PBXResourcesBuildPhase;
			buildActionMask = 2147483647;
			files = (
			);
			runOnlyForDeploymentPostprocessing = 0;
		};
		2B5A68D31D36B63B00145CF2 /* Resources */ = {
			isa = PBXResourcesBuildPhase;
			buildActionMask = 2147483647;
			files = (
			);
			runOnlyForDeploymentPostprocessing = 0;
		};
/* End PBXResourcesBuildPhase section */

/* Begin PBXShellScriptBuildPhase section */
		07604E6EC0DA683457821F07 /* [CP] Check Pods Manifest.lock */ = {
			isa = PBXShellScriptBuildPhase;
			buildActionMask = 2147483647;
			files = (
			);
			inputPaths = (
			);
			name = "[CP] Check Pods Manifest.lock";
			outputPaths = (
			);
			runOnlyForDeploymentPostprocessing = 0;
			shellPath = /bin/sh;
			shellScript = "diff \"${PODS_ROOT}/../Podfile.lock\" \"${PODS_ROOT}/Manifest.lock\" > /dev/null\nif [[ $? != 0 ]] ; then\n    cat << EOM\nerror: The sandbox is not in sync with the Podfile.lock. Run 'pod install' or update your CocoaPods installation.\nEOM\n    exit 1\nfi\n";
			showEnvVarsInLog = 0;
		};
		09B3F95BDD911669C370BDCC /* [CP] Check Pods Manifest.lock */ = {
			isa = PBXShellScriptBuildPhase;
			buildActionMask = 2147483647;
			files = (
			);
			inputPaths = (
			);
			name = "[CP] Check Pods Manifest.lock";
			outputPaths = (
			);
			runOnlyForDeploymentPostprocessing = 0;
			shellPath = /bin/sh;
			shellScript = "diff \"${PODS_ROOT}/../Podfile.lock\" \"${PODS_ROOT}/Manifest.lock\" > /dev/null\nif [[ $? != 0 ]] ; then\n    cat << EOM\nerror: The sandbox is not in sync with the Podfile.lock. Run 'pod install' or update your CocoaPods installation.\nEOM\n    exit 1\nfi\n";
			showEnvVarsInLog = 0;
		};
		14389E09A3CE20B822245D9C /* [CP] Copy Pods Resources */ = {
			isa = PBXShellScriptBuildPhase;
			buildActionMask = 2147483647;
			files = (
			);
			inputPaths = (
			);
			name = "[CP] Copy Pods Resources";
			outputPaths = (
			);
			runOnlyForDeploymentPostprocessing = 0;
			shellPath = /bin/sh;
			shellScript = "\"${SRCROOT}/Pods/Target Support Files/Pods-SwiftLocationTriviaDelegatesUITests/Pods-SwiftLocationTriviaDelegatesUITests-resources.sh\"\n";
			showEnvVarsInLog = 0;
		};
		3DB25C4EAF20B447C2FB45F8 /* [CP] Copy Pods Resources */ = {
			isa = PBXShellScriptBuildPhase;
			buildActionMask = 2147483647;
			files = (
			);
			inputPaths = (
			);
			name = "[CP] Copy Pods Resources";
			outputPaths = (
			);
			runOnlyForDeploymentPostprocessing = 0;
			shellPath = /bin/sh;
			shellScript = "\"${SRCROOT}/Pods/Target Support Files/Pods-SwiftLocationTriviaDelegatesTests/Pods-SwiftLocationTriviaDelegatesTests-resources.sh\"\n";
			showEnvVarsInLog = 0;
		};
		492BA08CFA6DC328A854C384 /* [CP] Embed Pods Frameworks */ = {
			isa = PBXShellScriptBuildPhase;
			buildActionMask = 2147483647;
			files = (
			);
			inputPaths = (
			);
			name = "[CP] Embed Pods Frameworks";
			outputPaths = (
			);
			runOnlyForDeploymentPostprocessing = 0;
			shellPath = /bin/sh;
			shellScript = "\"${SRCROOT}/Pods/Target Support Files/Pods-SwiftLocationTriviaDelegatesTests/Pods-SwiftLocationTriviaDelegatesTests-frameworks.sh\"\n";
			showEnvVarsInLog = 0;
		};
/* End PBXShellScriptBuildPhase section */

/* Begin PBXSourcesBuildPhase section */
		2B5A68B21D36B63B00145CF2 /* Sources */ = {
			isa = PBXSourcesBuildPhase;
			buildActionMask = 2147483647;
			files = (
				2B89B02D1D37E6F4000F463B /* LocationsTableViewController.swift in Sources */,
				2B89B02F1D37E70F000F463B /* AddLocationViewController.swift in Sources */,
				2B81D8E61D3D2B7B00BB3EDD /* Location.swift in Sources */,
				2B5A68BA1D36B63B00145CF2 /* AppDelegate.swift in Sources */,
			);
			runOnlyForDeploymentPostprocessing = 0;
		};
		2B5A68C61D36B63B00145CF2 /* Sources */ = {
			isa = PBXSourcesBuildPhase;
			buildActionMask = 2147483647;
			files = (
				2B5A68CF1D36B63B00145CF2 /* SwiftLocationTriviaDelegatesTests.swift in Sources */,
			);
			runOnlyForDeploymentPostprocessing = 0;
		};
		2B5A68D11D36B63B00145CF2 /* Sources */ = {
			isa = PBXSourcesBuildPhase;
			buildActionMask = 2147483647;
			files = (
				2B5A68DA1D36B63B00145CF2 /* SwiftLocationTriviaDelegatesUITests.swift in Sources */,
			);
			runOnlyForDeploymentPostprocessing = 0;
		};
/* End PBXSourcesBuildPhase section */

/* Begin PBXTargetDependency section */
		2B5A68CC1D36B63B00145CF2 /* PBXTargetDependency */ = {
			isa = PBXTargetDependency;
			target = 2B5A68B51D36B63B00145CF2 /* SwiftLocationTriviaDelegates */;
			targetProxy = 2B5A68CB1D36B63B00145CF2 /* PBXContainerItemProxy */;
		};
		2B5A68D71D36B63B00145CF2 /* PBXTargetDependency */ = {
			isa = PBXTargetDependency;
			target = 2B5A68B51D36B63B00145CF2 /* SwiftLocationTriviaDelegates */;
			targetProxy = 2B5A68D61D36B63B00145CF2 /* PBXContainerItemProxy */;
		};
/* End PBXTargetDependency section */

/* Begin PBXVariantGroup section */
		2B5A68BD1D36B63B00145CF2 /* Main.storyboard */ = {
			isa = PBXVariantGroup;
			children = (
				2B5A68BE1D36B63B00145CF2 /* Base */,
			);
			name = Main.storyboard;
			sourceTree = "<group>";
		};
		2B5A68C21D36B63B00145CF2 /* LaunchScreen.storyboard */ = {
			isa = PBXVariantGroup;
			children = (
				2B5A68C31D36B63B00145CF2 /* Base */,
			);
			name = LaunchScreen.storyboard;
			sourceTree = "<group>";
		};
/* End PBXVariantGroup section */

/* Begin XCBuildConfiguration section */
		2B5A68DC1D36B63B00145CF2 /* Debug */ = {
			isa = XCBuildConfiguration;
			buildSettings = {
				ALWAYS_SEARCH_USER_PATHS = NO;
				CLANG_ANALYZER_NONNULL = YES;
				CLANG_CXX_LANGUAGE_STANDARD = "gnu++0x";
				CLANG_CXX_LIBRARY = "libc++";
				CLANG_ENABLE_MODULES = YES;
				CLANG_ENABLE_OBJC_ARC = YES;
				CLANG_WARN_BOOL_CONVERSION = YES;
				CLANG_WARN_CONSTANT_CONVERSION = YES;
				CLANG_WARN_DIRECT_OBJC_ISA_USAGE = YES_ERROR;
				CLANG_WARN_EMPTY_BODY = YES;
				CLANG_WARN_ENUM_CONVERSION = YES;
				CLANG_WARN_INT_CONVERSION = YES;
				CLANG_WARN_OBJC_ROOT_CLASS = YES_ERROR;
				CLANG_WARN_UNREACHABLE_CODE = YES;
				CLANG_WARN__DUPLICATE_METHOD_MATCH = YES;
				"CODE_SIGN_IDENTITY[sdk=iphoneos*]" = "iPhone Developer";
				COPY_PHASE_STRIP = NO;
				DEBUG_INFORMATION_FORMAT = dwarf;
				ENABLE_STRICT_OBJC_MSGSEND = YES;
				ENABLE_TESTABILITY = YES;
				GCC_C_LANGUAGE_STANDARD = gnu99;
				GCC_DYNAMIC_NO_PIC = NO;
				GCC_NO_COMMON_BLOCKS = YES;
				GCC_OPTIMIZATION_LEVEL = 0;
				GCC_PREPROCESSOR_DEFINITIONS = (
					"DEBUG=1",
					"$(inherited)",
				);
				GCC_WARN_64_TO_32_BIT_CONVERSION = YES;
				GCC_WARN_ABOUT_RETURN_TYPE = YES_ERROR;
				GCC_WARN_UNDECLARED_SELECTOR = YES;
				GCC_WARN_UNINITIALIZED_AUTOS = YES_AGGRESSIVE;
				GCC_WARN_UNUSED_FUNCTION = YES;
				GCC_WARN_UNUSED_VARIABLE = YES;
				IPHONEOS_DEPLOYMENT_TARGET = 9.3;
				MTL_ENABLE_DEBUG_INFO = YES;
				ONLY_ACTIVE_ARCH = YES;
				SDKROOT = iphoneos;
				SWIFT_OPTIMIZATION_LEVEL = "-Onone";
				TARGETED_DEVICE_FAMILY = "1,2";
			};
			name = Debug;
		};
		2B5A68DD1D36B63B00145CF2 /* Release */ = {
			isa = XCBuildConfiguration;
			buildSettings = {
				ALWAYS_SEARCH_USER_PATHS = NO;
				CLANG_ANALYZER_NONNULL = YES;
				CLANG_CXX_LANGUAGE_STANDARD = "gnu++0x";
				CLANG_CXX_LIBRARY = "libc++";
				CLANG_ENABLE_MODULES = YES;
				CLANG_ENABLE_OBJC_ARC = YES;
				CLANG_WARN_BOOL_CONVERSION = YES;
				CLANG_WARN_CONSTANT_CONVERSION = YES;
				CLANG_WARN_DIRECT_OBJC_ISA_USAGE = YES_ERROR;
				CLANG_WARN_EMPTY_BODY = YES;
				CLANG_WARN_ENUM_CONVERSION = YES;
				CLANG_WARN_INT_CONVERSION = YES;
				CLANG_WARN_OBJC_ROOT_CLASS = YES_ERROR;
				CLANG_WARN_UNREACHABLE_CODE = YES;
				CLANG_WARN__DUPLICATE_METHOD_MATCH = YES;
				"CODE_SIGN_IDENTITY[sdk=iphoneos*]" = "iPhone Developer";
				COPY_PHASE_STRIP = NO;
				DEBUG_INFORMATION_FORMAT = "dwarf-with-dsym";
				ENABLE_NS_ASSERTIONS = NO;
				ENABLE_STRICT_OBJC_MSGSEND = YES;
				GCC_C_LANGUAGE_STANDARD = gnu99;
				GCC_NO_COMMON_BLOCKS = YES;
				GCC_WARN_64_TO_32_BIT_CONVERSION = YES;
				GCC_WARN_ABOUT_RETURN_TYPE = YES_ERROR;
				GCC_WARN_UNDECLARED_SELECTOR = YES;
				GCC_WARN_UNINITIALIZED_AUTOS = YES_AGGRESSIVE;
				GCC_WARN_UNUSED_FUNCTION = YES;
				GCC_WARN_UNUSED_VARIABLE = YES;
				IPHONEOS_DEPLOYMENT_TARGET = 9.3;
				MTL_ENABLE_DEBUG_INFO = NO;
				SDKROOT = iphoneos;
				TARGETED_DEVICE_FAMILY = "1,2";
				VALIDATE_PRODUCT = YES;
			};
			name = Release;
		};
		2B5A68DF1D36B63B00145CF2 /* Debug */ = {
			isa = XCBuildConfiguration;
			buildSettings = {
				ASSETCATALOG_COMPILER_APPICON_NAME = AppIcon;
				INFOPLIST_FILE = SwiftLocationTriviaDelegates/Info.plist;
				LD_RUNPATH_SEARCH_PATHS = "$(inherited) @executable_path/Frameworks";
				PRODUCT_BUNDLE_IDENTIFIER = com.flatironschool.SwiftLocationTriviaDelegates;
				PRODUCT_NAME = "$(TARGET_NAME)";
			};
			name = Debug;
		};
		2B5A68E01D36B63B00145CF2 /* Release */ = {
			isa = XCBuildConfiguration;
			buildSettings = {
				ASSETCATALOG_COMPILER_APPICON_NAME = AppIcon;
				INFOPLIST_FILE = SwiftLocationTriviaDelegates/Info.plist;
				LD_RUNPATH_SEARCH_PATHS = "$(inherited) @executable_path/Frameworks";
				PRODUCT_BUNDLE_IDENTIFIER = com.flatironschool.SwiftLocationTriviaDelegates;
				PRODUCT_NAME = "$(TARGET_NAME)";
			};
			name = Release;
		};
		2B5A68E21D36B63B00145CF2 /* Debug */ = {
			isa = XCBuildConfiguration;
			buildSettings = {
				BUNDLE_LOADER = "$(TEST_HOST)";
				INFOPLIST_FILE = SwiftLocationTriviaDelegatesTests/Info.plist;
				LD_RUNPATH_SEARCH_PATHS = "$(inherited) @executable_path/Frameworks @loader_path/Frameworks";
				PRODUCT_BUNDLE_IDENTIFIER = com.flatironschool.SwiftLocationTriviaDelegatesTests;
				PRODUCT_NAME = "$(TARGET_NAME)";
				TEST_HOST = "$(BUILT_PRODUCTS_DIR)/SwiftLocationTriviaDelegates.app/SwiftLocationTriviaDelegates";
			};
			name = Debug;
		};
		2B5A68E31D36B63B00145CF2 /* Release */ = {
			isa = XCBuildConfiguration;
			buildSettings = {
				BUNDLE_LOADER = "$(TEST_HOST)";
				INFOPLIST_FILE = SwiftLocationTriviaDelegatesTests/Info.plist;
				LD_RUNPATH_SEARCH_PATHS = "$(inherited) @executable_path/Frameworks @loader_path/Frameworks";
				PRODUCT_BUNDLE_IDENTIFIER = com.flatironschool.SwiftLocationTriviaDelegatesTests;
				PRODUCT_NAME = "$(TARGET_NAME)";
				TEST_HOST = "$(BUILT_PRODUCTS_DIR)/SwiftLocationTriviaDelegates.app/SwiftLocationTriviaDelegates";
			};
			name = Release;
		};
		2B5A68E51D36B63B00145CF2 /* Debug */ = {
			isa = XCBuildConfiguration;
			buildSettings = {
				INFOPLIST_FILE = SwiftLocationTriviaDelegatesUITests/Info.plist;
				LD_RUNPATH_SEARCH_PATHS = "$(inherited) @executable_path/Frameworks @loader_path/Frameworks";
				PRODUCT_BUNDLE_IDENTIFIER = com.flatironschool.SwiftLocationTriviaDelegatesUITests;
				PRODUCT_NAME = "$(TARGET_NAME)";
				TEST_TARGET_NAME = SwiftLocationTriviaDelegates;
			};
			name = Debug;
		};
		2B5A68E61D36B63B00145CF2 /* Release */ = {
			isa = XCBuildConfiguration;
			buildSettings = {
				INFOPLIST_FILE = SwiftLocationTriviaDelegatesUITests/Info.plist;
				LD_RUNPATH_SEARCH_PATHS = "$(inherited) @executable_path/Frameworks @loader_path/Frameworks";
				PRODUCT_BUNDLE_IDENTIFIER = com.flatironschool.SwiftLocationTriviaDelegatesUITests;
				PRODUCT_NAME = "$(TARGET_NAME)";
				TEST_TARGET_NAME = SwiftLocationTriviaDelegates;
			};
			name = Release;
		};
/* End XCBuildConfiguration section */

/* Begin XCConfigurationList section */
		2B5A68B11D36B63B00145CF2 /* Build configuration list for PBXProject "SwiftLocationTriviaDelegates" */ = {
			isa = XCConfigurationList;
			buildConfigurations = (
				2B5A68DC1D36B63B00145CF2 /* Debug */,
				2B5A68DD1D36B63B00145CF2 /* Release */,
			);
			defaultConfigurationIsVisible = 0;
			defaultConfigurationName = Release;
		};
		2B5A68DE1D36B63B00145CF2 /* Build configuration list for PBXNativeTarget "SwiftLocationTriviaDelegates" */ = {
			isa = XCConfigurationList;
			buildConfigurations = (
				2B5A68DF1D36B63B00145CF2 /* Debug */,
				2B5A68E01D36B63B00145CF2 /* Release */,
			);
			defaultConfigurationIsVisible = 0;
			defaultConfigurationName = Release;
		};
		2B5A68E11D36B63B00145CF2 /* Build configuration list for PBXNativeTarget "SwiftLocationTriviaDelegatesTests" */ = {
			isa = XCConfigurationList;
			buildConfigurations = (
				2B5A68E21D36B63B00145CF2 /* Debug */,
				2B5A68E31D36B63B00145CF2 /* Release */,
			);
			defaultConfigurationIsVisible = 0;
			defaultConfigurationName = Release;
		};
		2B5A68E41D36B63B00145CF2 /* Build configuration list for PBXNativeTarget "SwiftLocationTriviaDelegatesUITests" */ = {
			isa = XCConfigurationList;
			buildConfigurations = (
				2B5A68E51D36B63B00145CF2 /* Debug */,
				2B5A68E61D36B63B00145CF2 /* Release */,
			);
			defaultConfigurationIsVisible = 0;
			defaultConfigurationName = Release;
		};
/* End XCConfigurationList section */
	};
	rootObject = 2B5A68AE1D36B63B00145CF2 /* Project object */;
}
